# THIS IS AN AUTOGENERATED FILE. DO NOT EDIT THIS FILE DIRECTLY.
# yarn lockfile v1


"@expo/vector-icons@^13.0.0":
  version "13.0.0"
  resolved "https://registry.yarnpkg.com/@expo/vector-icons/-/vector-icons-13.0.0.tgz#e2989b85e95a82bce216f88cf8fb583ab050ec95"
  integrity sha512-TI+l71+5aSKnShYclFa14Kum+hQMZ86b95SH6tQUG3qZEmLTarvWpKwqtTwQKqvlJSJrpFiSFu3eCuZokY6zWA==

"@types/node@^18.0.0":
  version "18.6.3"
  resolved "https://registry.yarnpkg.com/@types/node/-/node-18.6.3.tgz#4e4a95b6fe44014563ceb514b2598b3e623d1c98"
  integrity sha512-6qKpDtoaYLM+5+AFChLhHermMQxc3TOEFIDzrZLPRGHPrLEwqFkkT5Kx3ju05g6X7uDPazz3jHbKPX0KzCjntg==

"@types/prop-types@*":
  version "15.7.5"
  resolved "https://registry.yarnpkg.com/@types/prop-types/-/prop-types-15.7.5.tgz#5f19d2b85a98e9558036f6a3cacc8819420f05cf"
  integrity sha512-JCB8C6SnDoQf0cNycqd/35A7MjcnK+ZTqE7judS6o7utxUCg6imJg3QK2qzHKszlTjcj2cn+NwMB2i96ubpj7w==

"@types/react-native@~0.71.6":
  version "0.71.6"
  resolved "https://registry.yarnpkg.com/@types/react-native/-/react-native-0.71.6.tgz#bf0fc6a69bf0c2933c089dfb19fc182b09cb7790"
  integrity sha512-eCqEZ+GhW9L9o6yVoPqCCAq8Sbd6liaKlh6WviD0X7O035NEe7VQ+q9KXYL+mhyZrLI5sbX7f3G973gG6fuiyQ==
  dependencies:
    "@types/react" "*"

"@types/react@*":
  version "18.2.0"
  resolved "https://registry.yarnpkg.com/@types/react/-/react-18.2.0.tgz#15cda145354accfc09a18d2f2305f9fc099ada21"
  integrity sha512-0FLj93y5USLHdnhIhABk83rm8XEGA7kH3cr+YUlvxoUGp1xNt/DINUMvqPxLyOQMzLmZe8i4RTHbvb8MC7NmrA==
  dependencies:
    "@types/prop-types" "*"
    "@types/scheduler" "*"
    csstype "^3.0.2"

"@types/react@~18.0.27":
  version "18.0.38"
  resolved "https://registry.yarnpkg.com/@types/react/-/react-18.0.38.tgz#02a23bef8848b360a0d1dceef4432c15c21c600c"
  integrity sha512-ExsidLLSzYj4cvaQjGnQCk4HFfVT9+EZ9XZsQ8Hsrcn8QNgXtpZ3m9vSIC2MWtx7jHictK6wYhQgGh6ic58oOw==
  dependencies:
    "@types/prop-types" "*"
    "@types/scheduler" "*"
    csstype "^3.0.2"

"@types/scheduler@*":
  version "0.16.2"
  resolved "https://registry.yarnpkg.com/@types/scheduler/-/scheduler-0.16.2.tgz#1a62f89525723dde24ba1b01b092bf5df8ad4d39"
  integrity sha512-hppQEBDmlwhFAXKJX2KnWLYu5yMfi91yazPb2l+lbJiwW+wdo1gNeRA+3RgNSO39WYX2euey41KEwnqesU2Jew==

csstype@^3.0.2:
  version "3.1.0"
  resolved "https://registry.yarnpkg.com/csstype/-/csstype-3.1.0.tgz#4ddcac3718d787cf9df0d1b7d15033925c8f29f2"
  integrity sha512-uX1KG+x9h5hIJsaKR9xHUeUraxf8IODOwq9JLNPq6BwB04a/xgpq3rcx47l5BZu5zBPlgD342tdke3Hom/nJRA==

expo-file-system@~15.2.2:
  version "15.2.2"
  resolved "https://registry.yarnpkg.com/expo-file-system/-/expo-file-system-15.2.2.tgz#a1ddf8aabf794f93888a146c4f5187e2004683a3"
  integrity sha512-LFkOLcWwlmnjkURxZ3/0ukS35OswX8iuQknLHRHeyk8mUA8fpRPPelD/a1lS+yclqfqavMJmTXVKM1Nsq5XVMA==
  dependencies:
    uuid "^3.4.0"

expo-image-loader@~4.1.0:
  version "4.1.1"
  resolved "https://registry.yarnpkg.com/expo-image-loader/-/expo-image-loader-4.1.1.tgz#efadbb17de1861106864820194900f336dd641b6"
  integrity sha512-ciEHVokU0f6w0eTxdRxLCio6tskMsjxWIoV92+/ZD37qePUJYMfEphPhu1sruyvMBNR8/j5iyOvPFVGTfO8oxA==

expo-image-manipulator@~11.1.1:
  version "11.1.1"
  resolved "https://registry.yarnpkg.com/expo-image-manipulator/-/expo-image-manipulator-11.1.1.tgz#bb54df80e98abc9798876e3f70596a5b880168c9"
  integrity sha512-W9LfJK/IL7EhhkkC1JQnEX/1S9B09rcGasJiQjXc2s1bEsrQnqXvXEv7shUW8b/L8rE+ynf+XvvDE+YIDL7oFg==
  dependencies:
    expo-image-loader "~4.1.0"

"js-tokens@^3.0.0 || ^4.0.0":
  version "4.0.0"
  resolved "https://registry.yarnpkg.com/js-tokens/-/js-tokens-4.0.0.tgz#19203fb59991df98e3a287050d4647cdeaf32499"
  integrity sha512-RdJUflcE3cUzKiMqQgsCu06FPu9UdIJO0beYbPhHN4k6apgJtifcoCtT9bcxOpYBtpD2kCM6Sbzg4CausW/PKQ==

loose-envify@^1.4.0:
  version "1.4.0"
  resolved "https://registry.yarnpkg.com/loose-envify/-/loose-envify-1.4.0.tgz#71ee51fa7be4caec1a63839f7e682d8132d30caf"
  integrity sha512-lyuxPGr/Wfhrlem2CL/UcnUc1zcqKAImBDzukY7Y5F/yQiNdko6+fRLevlw1HgMySw7f611UIY408EtxRSoK3Q==
  dependencies:
    js-tokens "^3.0.0 || ^4.0.0"

object-assign@^4.1.1:
  version "4.1.1"
  resolved "https://registry.yarnpkg.com/object-assign/-/object-assign-4.1.1.tgz#2109adc7965887cfc05cbbd442cac8bfbb360863"
  integrity sha512-rJgTQnkUnH1sFw8yT6VSU3zD3sWmu6sZhIseY8VX+GRu3P6F7Fu+JNDoXfklElbLJSnc3FUQHVe4cU5hj+BcUg==

prop-types@^15.7.2:
  version "15.8.1"
  resolved "https://registry.yarnpkg.com/prop-types/-/prop-types-15.8.1.tgz#67d87bf1a694f48435cf332c24af10214a3140b5"
  integrity sha512-oj87CgZICdulUohogVAR7AjlC0327U4el4L6eAvOqCeudMDVU0NThNaV+b9Df4dXgSP1gXMTnPdhfe/2qDH5cg==
  dependencies:
    loose-envify "^1.4.0"
    object-assign "^4.1.1"
    react-is "^16.13.1"

react-is@^16.13.1:
  version "16.13.1"
  resolved "https://registry.yarnpkg.com/react-is/-/react-is-16.13.1.tgz#789729a4dc36de2999dc156dd6c1d9c18cea56a4"
  integrity sha512-24e6ynE2H+OKt4kqsOvNd8kBpV65zoxbA4BVsEOB3ARVWQki/DHzaUoC5KuON/BiccDaCCTZBuOcfZs70kR8bQ==

react-native-auto-height-image@^3.2.4:
  version "3.2.4"
  resolved "https://registry.yarnpkg.com/react-native-auto-height-image/-/react-native-auto-height-image-3.2.4.tgz#c7a95d4d9701055c680c8dc02076def1107f9522"
  integrity sha512-PTVzLuYY4Q5IDAk0QmnSNK12VnUPlt+ZiEJUlo5JUiHverR5Lg386iHK7D2bVkTNo7SCahIPlWzdSuX5Col3XQ==
  dependencies:
    prop-types "^15.7.2"

typescript@^4.9.4:
  version "4.9.5"
  resolved "https://registry.yarnpkg.com/typescript/-/typescript-4.9.5.tgz#095979f9bcc0d09da324d58d03ce8f8374cbe65a"
  integrity sha512-1FXk9E2Hm+QzZQ7z+McJiHL4NW1F2EzMu9Nq9i3zAaGqibafqYwCVU6WyWAuyQRRzOlxou8xZSyXLEN8oKj24g==

uuid@^3.4.0:
  version "3.4.0"
  resolved "https://registry.yarnpkg.com/uuid/-/uuid-3.4.0.tgz#b23e4358afa8a202fe7a100af1f5f883f02007ee"
  integrity sha512-HjSDRw6gZE5JMggctHBcjVak08+KEVhSIiDzFnT9S9aegmp85S/bReBVTb4QTFaRNptJ9kuYaNhnbNEOkbKb/A==
